{
  "lockfileVersion": 1,
  "workspaces": {
    "": {
      "name": "dimfire",
      "devDependencies": {
        "@biomejs/biome": "^2.1.0",
        "@types/node": "^24.0.10",
      },
    },
  },
  "packages": {
    "@biomejs/biome": ["@biomejs/biome@2.1.0", "", { "optionalDependencies": { "@biomejs/cli-darwin-arm64": "2.1.0", "@biomejs/cli-darwin-x64": "2.1.0", "@biomejs/cli-linux-arm64": "2.1.0", "@biomejs/cli-linux-arm64-musl": "2.1.0", "@biomejs/cli-linux-x64": "2.1.0", "@biomejs/cli-linux-x64-musl": "2.1.0", "@biomejs/cli-win32-arm64": "2.1.0", "@biomejs/cli-win32-x64": "2.1.0" }, "bin": { "biome": "bin/biome" } }, "sha512-K2UDr1dCiaOWegp4yQLMC4Evgl85ze1O7r+WxPeO7cNl0XrIcTshvdQGMDB23c/2afXz6RsOKYfWLErNbBbjmA=="],

    "@biomejs/cli-darwin-arm64": ["@biomejs/cli-darwin-arm64@2.1.0", "", { "os": "darwin", "cpu": "arm64" }, "sha512-RDXEUGSCvUx3PKWRt95WRtwH+l01slm7r2zaotDwWERn/RITMcdet21rI5q5cYhL4XJiAvLHG8qyLNSXqIOCwQ=="],

    "@biomejs/cli-darwin-x64": ["@biomejs/cli-darwin-x64@2.1.0", "", { "os": "darwin", "cpu": "x64" }, "sha512-epLFRbMjYS/Cu9Kc5gM3wzUExsKj2Z0oxIiuxlI4ZterIqm19yvTOtJoqSec8gjUXOTNvPVoEIfSSXg37yepow=="],

    "@biomejs/cli-linux-arm64": ["@biomejs/cli-linux-arm64@2.1.0", "", { "os": "linux", "cpu": "arm64" }, "sha512-HZys1/TeIH5lagwtf9yKSO+gtA+cYMJW22ckDGuKt2xIvPu7VqgTNjJtTdRcetXe0+benlMMo+KFs3xL2b/2QA=="],

    "@biomejs/cli-linux-arm64-musl": ["@biomejs/cli-linux-arm64-musl@2.1.0", "", { "os": "linux", "cpu": "arm64" }, "sha512-J7z6s/M50wt5lhSkivAs2GJHPhiah3hkdg1LipM6wlK6cVC3YeIA/X6pgWBfjEwyfsFlpc3nRM+pQ17DI8FpDQ=="],

    "@biomejs/cli-linux-x64": ["@biomejs/cli-linux-x64@2.1.0", "", { "os": "linux", "cpu": "x64" }, "sha512-nAVAP1ov/zcXMhNq3WCbYZmlU/YTF3ZT+LeXR1CEJnDgunPC/Srp7j1LWlrIx6wxNOCDOFow8fmyfC7c/BKLig=="],

    "@biomejs/cli-linux-x64-musl": ["@biomejs/cli-linux-x64-musl@2.1.0", "", { "os": "linux", "cpu": "x64" }, "sha512-uj8felYcBeXh32kznnKrAQoZ9pLqta/6qvwLJ4AZtUmY6cSUUa5c+VLnFtxMfuhvps/M4D55VGnwSINOEblPQg=="],

    "@biomejs/cli-win32-arm64": ["@biomejs/cli-win32-arm64@2.1.0", "", { "os": "win32", "cpu": "arm64" }, "sha512-eGGqGs+8Q34n1zp/rEadFRKjzwFszpZ2+p6B1Dmi7dn1DNEYhNXoRWLcjyca+ZSTrdV7COx0scyjgF9Tg73kBw=="],

    "@biomejs/cli-win32-x64": ["@biomejs/cli-win32-x64@2.1.0", "", { "os": "win32", "cpu": "x64" }, "sha512-pkp6jucyvE8DJSXXwSKs+Mxx1KXkMJ2d8GbBu4Lf0nAQHl40TZjjp1RuNEo9Z7NNXPQzbLACDtK6/vDalO2WRg=="],

    "@types/node": ["@types/node@24.0.10", "", { "dependencies": { "undici-types": "~7.8.0" } }, "sha512-ENHwaH+JIRTDIEEbDK6QSQntAYGtbvdDXnMXnZaZ6k13Du1dPMmprkEHIL7ok2Wl2aZevetwTAb5S+7yIF+enA=="],

    "undici-types": ["undici-types@7.8.0", "", {}, "sha512-9UJ2xGDvQ43tYyVMpuHlsgApydB8ZKfVYTsLDhXkFL/6gfkp+U8xTGdh8pMJv1SpZna0zxG1DwsKZsreLbXBxw=="],
  }
}
